
Microsoft Visual Studio Solution File, Format Version 12.00
# Visual Studio Version 17
VisualStudioVersion = 17.5.002.0
MinimumVisualStudioVersion = 10.0.40219.1
Project("{9A19103F-16F7-4668-BE54-9A1E7A4F7556}") = "Back", "Back\Back.csproj", "{1612BC15-0070-4645-BE55-A1F779F7C2C0}"
EndProject
Global
	GlobalSection(SolutionConfigurationPlatforms) = preSolution
		Debug|Any CPU = Debug|Any CPU
		Release|Any CPU = Release|Any CPU
	EndGlobalSection
	GlobalSection(ProjectConfigurationPlatforms) = postSolution
		{1612BC15-0070-4645-BE55-A1F779F7C2C0}.Debug|Any CPU.ActiveCfg = Debug|Any CPU
		{1612BC15-0070-4645-BE55-A1F779F7C2C0}.Debug|Any CPU.Build.0 = Debug|Any CPU
		{1612BC15-0070-4645-BE55-A1F779F7C2C0}.Release|Any CPU.ActiveCfg = Release|Any CPU
		{1612BC15-0070-4645-BE55-A1F779F7C2C0}.Release|Any CPU.Build.0 = Release|Any CPU
	EndGlobalSection
	GlobalSection(SolutionProperties) = preSolution
		HideSolutionNode = FALSE
	EndGlobalSection
	GlobalSection(ExtensibilityGlobals) = postSolution
		SolutionGuid = {1245589A-1D36-4967-ACE7-A2625F864574}
	EndGlobalSection
EndGlobal
